
Microsoft Visual Studio Solution File, Format Version 12.00
# Visual Studio Version 16
VisualStudioVersion = 16.0.30804.86
MinimumVisualStudioVersion = 10.0.40219.1
Project("{FAE04EC0-301F-11D3-BF4B-00C04F79EFBC}") = "POSApp", "POSApp\POSApp.csproj", "{B6B9D13F-80BD-4B3F-8972-BE52BE7E114D}"
EndProject
Project("{00D1A9C2-B5F0-4AF3-8072-F6C62B433612}") = "dbRazred", "dbRazred\dbRazred.sqlproj", "{944FD785-C1C7-4FB9-AAA5-89CB40C70796}"
EndProject
Project("{FAE04EC0-301F-11D3-BF4B-00C04F79EFBC}") = "DbFramework", "DbFramework\DbFramework.csproj", "{83560C46-554B-4840-84E8-E4E9FA7A2AAA}"
EndProject
Global
	GlobalSection(SolutionConfigurationPlatforms) = preSolution
		Debug|Any CPU = Debug|Any CPU
		Release|Any CPU = Release|Any CPU
	EndGlobalSection
	GlobalSection(ProjectConfigurationPlatforms) = postSolution
		{B6B9D13F-80BD-4B3F-8972-BE52BE7E114D}.Debug|Any CPU.ActiveCfg = Debug|Any CPU
		{B6B9D13F-80BD-4B3F-8972-BE52BE7E114D}.Debug|Any CPU.Build.0 = Debug|Any CPU
		{B6B9D13F-80BD-4B3F-8972-BE52BE7E114D}.Release|Any CPU.ActiveCfg = Release|Any CPU
		{B6B9D13F-80BD-4B3F-8972-BE52BE7E114D}.Release|Any CPU.Build.0 = Release|Any CPU
		{944FD785-C1C7-4FB9-AAA5-89CB40C70796}.Debug|Any CPU.ActiveCfg = Debug|Any CPU
		{944FD785-C1C7-4FB9-AAA5-89CB40C70796}.Debug|Any CPU.Build.0 = Debug|Any CPU
		{944FD785-C1C7-4FB9-AAA5-89CB40C70796}.Debug|Any CPU.Deploy.0 = Debug|Any CPU
		{944FD785-C1C7-4FB9-AAA5-89CB40C70796}.Release|Any CPU.ActiveCfg = Release|Any CPU
		{944FD785-C1C7-4FB9-AAA5-89CB40C70796}.Release|Any CPU.Build.0 = Release|Any CPU
		{944FD785-C1C7-4FB9-AAA5-89CB40C70796}.Release|Any CPU.Deploy.0 = Release|Any CPU
		{83560C46-554B-4840-84E8-E4E9FA7A2AAA}.Debug|Any CPU.ActiveCfg = Debug|Any CPU
		{83560C46-554B-4840-84E8-E4E9FA7A2AAA}.Debug|Any CPU.Build.0 = Debug|Any CPU
		{83560C46-554B-4840-84E8-E4E9FA7A2AAA}.Release|Any CPU.ActiveCfg = Release|Any CPU
		{83560C46-554B-4840-84E8-E4E9FA7A2AAA}.Release|Any CPU.Build.0 = Release|Any CPU
	EndGlobalSection
	GlobalSection(SolutionProperties) = preSolution
		HideSolutionNode = FALSE
	EndGlobalSection
	GlobalSection(ExtensibilityGlobals) = postSolution
		SolutionGuid = {7481857E-47F2-4900-B7FF-27DDFDC1B9CA}
	EndGlobalSection
EndGlobal
